# This file is automatically @generated by Cargo.
# It is not intended for manual editing.
version = 4

[[package]]
name = "rust-app1"
version = "0.1.0"
dependencies = [
 "thesisrs",
]

[[package]]
name = "rust-lib1"
version = "0.1.0"

[[package]]
name = "thesisrs"
version = "0.1.0"
dependencies = [
 "rust-lib1",
]
